
Microsoft Visual Studio Solution File, Format Version 12.00
# Visual Studio 2012
Project("{FAE04EC0-301F-11D3-BF4B-00C04F79EFBC}") = "myMedical.Core", "myMedical.Core\myMedical.Core.csproj", "{D5CFA5DF-6043-45BD-942E-5E6F37F456D9}"
EndProject
Project("{FAE04EC0-301F-11D3-BF4B-00C04F79EFBC}") = "myMedical.IOS", "myMedical.IOS\myMedical.IOS.csproj", "{C9042EE3-53A1-4FFA-B8A1-E8E64430FD25}"
EndProject
Project("{FAE04EC0-301F-11D3-BF4B-00C04F79EFBC}") = "myMedical.Droid", "myMedical.Droid\myMedical.Droid.csproj", "{99B57EE4-58A9-41B5-A187-C020BD6E59B5}"
EndProject
Global
	GlobalSection(SolutionConfigurationPlatforms) = preSolution
		Debug|Any CPU = Debug|Any CPU
		Release|Any CPU = Release|Any CPU
		Debug|iPhoneSimulator = Debug|iPhoneSimulator
		Release|iPhone = Release|iPhone
		Release|iPhoneSimulator = Release|iPhoneSimulator
		Debug|iPhone = Debug|iPhone
	EndGlobalSection
	GlobalSection(ProjectConfigurationPlatforms) = postSolution
		{D5CFA5DF-6043-45BD-942E-5E6F37F456D9}.Debug|Any CPU.ActiveCfg = Debug|Any CPU
		{D5CFA5DF-6043-45BD-942E-5E6F37F456D9}.Debug|Any CPU.Build.0 = Debug|Any CPU
		{D5CFA5DF-6043-45BD-942E-5E6F37F456D9}.Release|Any CPU.ActiveCfg = Release|Any CPU
		{D5CFA5DF-6043-45BD-942E-5E6F37F456D9}.Release|Any CPU.Build.0 = Release|Any CPU
		{D5CFA5DF-6043-45BD-942E-5E6F37F456D9}.Debug|iPhoneSimulator.ActiveCfg = Debug|Any CPU
		{D5CFA5DF-6043-45BD-942E-5E6F37F456D9}.Debug|iPhoneSimulator.Build.0 = Debug|Any CPU
		{D5CFA5DF-6043-45BD-942E-5E6F37F456D9}.Release|iPhone.ActiveCfg = Release|Any CPU
		{D5CFA5DF-6043-45BD-942E-5E6F37F456D9}.Release|iPhone.Build.0 = Release|Any CPU
		{D5CFA5DF-6043-45BD-942E-5E6F37F456D9}.Release|iPhoneSimulator.ActiveCfg = Release|Any CPU
		{D5CFA5DF-6043-45BD-942E-5E6F37F456D9}.Release|iPhoneSimulator.Build.0 = Release|Any CPU
		{D5CFA5DF-6043-45BD-942E-5E6F37F456D9}.Debug|iPhone.ActiveCfg = Debug|Any CPU
		{D5CFA5DF-6043-45BD-942E-5E6F37F456D9}.Debug|iPhone.Build.0 = Debug|Any CPU
		{C9042EE3-53A1-4FFA-B8A1-E8E64430FD25}.Debug|Any CPU.ActiveCfg = Debug|iPhoneSimulator
		{C9042EE3-53A1-4FFA-B8A1-E8E64430FD25}.Debug|Any CPU.Build.0 = Debug|iPhoneSimulator
		{C9042EE3-53A1-4FFA-B8A1-E8E64430FD25}.Release|Any CPU.ActiveCfg = Release|iPhone
		{C9042EE3-53A1-4FFA-B8A1-E8E64430FD25}.Release|Any CPU.Build.0 = Release|iPhone
		{C9042EE3-53A1-4FFA-B8A1-E8E64430FD25}.Debug|iPhoneSimulator.ActiveCfg = Debug|iPhoneSimulator
		{C9042EE3-53A1-4FFA-B8A1-E8E64430FD25}.Debug|iPhoneSimulator.Build.0 = Debug|iPhoneSimulator
		{C9042EE3-53A1-4FFA-B8A1-E8E64430FD25}.Release|iPhone.ActiveCfg = Release|iPhone
		{C9042EE3-53A1-4FFA-B8A1-E8E64430FD25}.Release|iPhone.Build.0 = Release|iPhone
		{C9042EE3-53A1-4FFA-B8A1-E8E64430FD25}.Release|iPhoneSimulator.ActiveCfg = Release|iPhoneSimulator
		{C9042EE3-53A1-4FFA-B8A1-E8E64430FD25}.Release|iPhoneSimulator.Build.0 = Release|iPhoneSimulator
		{C9042EE3-53A1-4FFA-B8A1-E8E64430FD25}.Debug|iPhone.ActiveCfg = Debug|iPhone
		{C9042EE3-53A1-4FFA-B8A1-E8E64430FD25}.Debug|iPhone.Build.0 = Debug|iPhone
		{99B57EE4-58A9-41B5-A187-C020BD6E59B5}.Debug|Any CPU.ActiveCfg = Debug|Any CPU
		{99B57EE4-58A9-41B5-A187-C020BD6E59B5}.Debug|Any CPU.Build.0 = Debug|Any CPU
		{99B57EE4-58A9-41B5-A187-C020BD6E59B5}.Release|Any CPU.ActiveCfg = Release|Any CPU
		{99B57EE4-58A9-41B5-A187-C020BD6E59B5}.Release|Any CPU.Build.0 = Release|Any CPU
		{99B57EE4-58A9-41B5-A187-C020BD6E59B5}.Debug|iPhoneSimulator.ActiveCfg = Debug|Any CPU
		{99B57EE4-58A9-41B5-A187-C020BD6E59B5}.Debug|iPhoneSimulator.Build.0 = Debug|Any CPU
		{99B57EE4-58A9-41B5-A187-C020BD6E59B5}.Release|iPhone.ActiveCfg = Release|Any CPU
		{99B57EE4-58A9-41B5-A187-C020BD6E59B5}.Release|iPhone.Build.0 = Release|Any CPU
		{99B57EE4-58A9-41B5-A187-C020BD6E59B5}.Release|iPhoneSimulator.ActiveCfg = Release|Any CPU
		{99B57EE4-58A9-41B5-A187-C020BD6E59B5}.Release|iPhoneSimulator.Build.0 = Release|Any CPU
		{99B57EE4-58A9-41B5-A187-C020BD6E59B5}.Debug|iPhone.ActiveCfg = Debug|Any CPU
		{99B57EE4-58A9-41B5-A187-C020BD6E59B5}.Debug|iPhone.Build.0 = Debug|Any CPU
	EndGlobalSection
EndGlobal
